
Microsoft Visual Studio Solution File, Format Version 12.00
# Visual Studio 15
VisualStudioVersion = 15.0.27130.2020
MinimumVisualStudioVersion = 10.0.40219.1
Project("{FAE04EC0-301F-11D3-BF4B-00C04F79EFBC}") = "Game", "Game\Game.csproj", "{12165577-50BF-43CB-A219-05B57637D32A}"
EndProject
Project("{FAE04EC0-301F-11D3-BF4B-00C04F79EFBC}") = "Servidor", "Servidor\Servidor.csproj", "{7D33066F-7EBD-4627-97DD-E63487EAB532}"
EndProject
Project("{FAE04EC0-301F-11D3-BF4B-00C04F79EFBC}") = "Client", "Client\Client.csproj", "{DC2031A7-C31C-470E-A28B-19039DD15DD7}"
EndProject
Project("{FAE04EC0-301F-11D3-BF4B-00C04F79EFBC}") = "Simulador", "Simulador\Simulador.csproj", "{1BC048A3-2681-4494-B968-2864439E18B0}"
EndProject
Project("{FAE04EC0-301F-11D3-BF4B-00C04F79EFBC}") = "GameLibrary", "GameLibrary\GameLibrary.csproj", "{37B34AF0-2148-4EE9-A66F-457538061E01}"
EndProject
Project("{FAE04EC0-301F-11D3-BF4B-00C04F79EFBC}") = "CurrentGame", "CurrentGame\CurrentGame.csproj", "{4B64A9E5-2D24-47EA-8878-E574C7A728FD}"
EndProject
Project("{FAE04EC0-301F-11D3-BF4B-00C04F79EFBC}") = "Meteorite", "Meteorite\Meteorite.csproj", "{8146BA75-E90D-467E-987E-58B45F257FFA}"
EndProject
Project("{FAE04EC0-301F-11D3-BF4B-00C04F79EFBC}") = "Player", "Player\Player.csproj", "{6265AA93-BFEF-43DE-95D7-947D7A596AAC}"
EndProject
Global
	GlobalSection(SolutionConfigurationPlatforms) = preSolution
		Debug|Any CPU = Debug|Any CPU
		Debug|ARM = Debug|ARM
		Debug|x64 = Debug|x64
		Debug|x86 = Debug|x86
		Release|Any CPU = Release|Any CPU
		Release|ARM = Release|ARM
		Release|x64 = Release|x64
		Release|x86 = Release|x86
	EndGlobalSection
	GlobalSection(ProjectConfigurationPlatforms) = postSolution
		{12165577-50BF-43CB-A219-05B57637D32A}.Debug|Any CPU.ActiveCfg = Debug|Any CPU
		{12165577-50BF-43CB-A219-05B57637D32A}.Debug|Any CPU.Build.0 = Debug|Any CPU
		{12165577-50BF-43CB-A219-05B57637D32A}.Debug|ARM.ActiveCfg = Debug|Any CPU
		{12165577-50BF-43CB-A219-05B57637D32A}.Debug|ARM.Build.0 = Debug|Any CPU
		{12165577-50BF-43CB-A219-05B57637D32A}.Debug|x64.ActiveCfg = Debug|Any CPU
		{12165577-50BF-43CB-A219-05B57637D32A}.Debug|x64.Build.0 = Debug|Any CPU
		{12165577-50BF-43CB-A219-05B57637D32A}.Debug|x86.ActiveCfg = Debug|Any CPU
		{12165577-50BF-43CB-A219-05B57637D32A}.Debug|x86.Build.0 = Debug|Any CPU
		{12165577-50BF-43CB-A219-05B57637D32A}.Release|Any CPU.ActiveCfg = Release|Any CPU
		{12165577-50BF-43CB-A219-05B57637D32A}.Release|Any CPU.Build.0 = Release|Any CPU
		{12165577-50BF-43CB-A219-05B57637D32A}.Release|ARM.ActiveCfg = Release|Any CPU
		{12165577-50BF-43CB-A219-05B57637D32A}.Release|ARM.Build.0 = Release|Any CPU
		{12165577-50BF-43CB-A219-05B57637D32A}.Release|x64.ActiveCfg = Release|Any CPU
		{12165577-50BF-43CB-A219-05B57637D32A}.Release|x64.Build.0 = Release|Any CPU
		{12165577-50BF-43CB-A219-05B57637D32A}.Release|x86.ActiveCfg = Release|Any CPU
		{12165577-50BF-43CB-A219-05B57637D32A}.Release|x86.Build.0 = Release|Any CPU
		{7D33066F-7EBD-4627-97DD-E63487EAB532}.Debug|Any CPU.ActiveCfg = Debug|Any CPU
		{7D33066F-7EBD-4627-97DD-E63487EAB532}.Debug|Any CPU.Build.0 = Debug|Any CPU
		{7D33066F-7EBD-4627-97DD-E63487EAB532}.Debug|ARM.ActiveCfg = Debug|Any CPU
		{7D33066F-7EBD-4627-97DD-E63487EAB532}.Debug|ARM.Build.0 = Debug|Any CPU
		{7D33066F-7EBD-4627-97DD-E63487EAB532}.Debug|x64.ActiveCfg = Debug|Any CPU
		{7D33066F-7EBD-4627-97DD-E63487EAB532}.Debug|x64.Build.0 = Debug|Any CPU
		{7D33066F-7EBD-4627-97DD-E63487EAB532}.Debug|x86.ActiveCfg = Debug|Any CPU
		{7D33066F-7EBD-4627-97DD-E63487EAB532}.Debug|x86.Build.0 = Debug|Any CPU
		{7D33066F-7EBD-4627-97DD-E63487EAB532}.Release|Any CPU.ActiveCfg = Release|Any CPU
		{7D33066F-7EBD-4627-97DD-E63487EAB532}.Release|Any CPU.Build.0 = Release|Any CPU
		{7D33066F-7EBD-4627-97DD-E63487EAB532}.Release|ARM.ActiveCfg = Release|Any CPU
		{7D33066F-7EBD-4627-97DD-E63487EAB532}.Release|ARM.Build.0 = Release|Any CPU
		{7D33066F-7EBD-4627-97DD-E63487EAB532}.Release|x64.ActiveCfg = Release|Any CPU
		{7D33066F-7EBD-4627-97DD-E63487EAB532}.Release|x64.Build.0 = Release|Any CPU
		{7D33066F-7EBD-4627-97DD-E63487EAB532}.Release|x86.ActiveCfg = Release|Any CPU
		{7D33066F-7EBD-4627-97DD-E63487EAB532}.Release|x86.Build.0 = Release|Any CPU
		{DC2031A7-C31C-470E-A28B-19039DD15DD7}.Debug|Any CPU.ActiveCfg = Debug|Any CPU
		{DC2031A7-C31C-470E-A28B-19039DD15DD7}.Debug|Any CPU.Build.0 = Debug|Any CPU
		{DC2031A7-C31C-470E-A28B-19039DD15DD7}.Debug|ARM.ActiveCfg = Debug|Any CPU
		{DC2031A7-C31C-470E-A28B-19039DD15DD7}.Debug|ARM.Build.0 = Debug|Any CPU
		{DC2031A7-C31C-470E-A28B-19039DD15DD7}.Debug|x64.ActiveCfg = Debug|Any CPU
		{DC2031A7-C31C-470E-A28B-19039DD15DD7}.Debug|x64.Build.0 = Debug|Any CPU
		{DC2031A7-C31C-470E-A28B-19039DD15DD7}.Debug|x86.ActiveCfg = Debug|Any CPU
		{DC2031A7-C31C-470E-A28B-19039DD15DD7}.Debug|x86.Build.0 = Debug|Any CPU
		{DC2031A7-C31C-470E-A28B-19039DD15DD7}.Release|Any CPU.ActiveCfg = Release|Any CPU
		{DC2031A7-C31C-470E-A28B-19039DD15DD7}.Release|Any CPU.Build.0 = Release|Any CPU
		{DC2031A7-C31C-470E-A28B-19039DD15DD7}.Release|ARM.ActiveCfg = Release|Any CPU
		{DC2031A7-C31C-470E-A28B-19039DD15DD7}.Release|ARM.Build.0 = Release|Any CPU
		{DC2031A7-C31C-470E-A28B-19039DD15DD7}.Release|x64.ActiveCfg = Release|Any CPU
		{DC2031A7-C31C-470E-A28B-19039DD15DD7}.Release|x64.Build.0 = Release|Any CPU
		{DC2031A7-C31C-470E-A28B-19039DD15DD7}.Release|x86.ActiveCfg = Release|Any CPU
		{DC2031A7-C31C-470E-A28B-19039DD15DD7}.Release|x86.Build.0 = Release|Any CPU
		{1BC048A3-2681-4494-B968-2864439E18B0}.Debug|Any CPU.ActiveCfg = Debug|Any CPU
		{1BC048A3-2681-4494-B968-2864439E18B0}.Debug|Any CPU.Build.0 = Debug|Any CPU
		{1BC048A3-2681-4494-B968-2864439E18B0}.Debug|ARM.ActiveCfg = Debug|Any CPU
		{1BC048A3-2681-4494-B968-2864439E18B0}.Debug|ARM.Build.0 = Debug|Any CPU
		{1BC048A3-2681-4494-B968-2864439E18B0}.Debug|x64.ActiveCfg = Debug|Any CPU
		{1BC048A3-2681-4494-B968-2864439E18B0}.Debug|x64.Build.0 = Debug|Any CPU
		{1BC048A3-2681-4494-B968-2864439E18B0}.Debug|x86.ActiveCfg = Debug|Any CPU
		{1BC048A3-2681-4494-B968-2864439E18B0}.Debug|x86.Build.0 = Debug|Any CPU
		{1BC048A3-2681-4494-B968-2864439E18B0}.Release|Any CPU.ActiveCfg = Release|Any CPU
		{1BC048A3-2681-4494-B968-2864439E18B0}.Release|Any CPU.Build.0 = Release|Any CPU
		{1BC048A3-2681-4494-B968-2864439E18B0}.Release|ARM.ActiveCfg = Release|Any CPU
		{1BC048A3-2681-4494-B968-2864439E18B0}.Release|ARM.Build.0 = Release|Any CPU
		{1BC048A3-2681-4494-B968-2864439E18B0}.Release|x64.ActiveCfg = Release|Any CPU
		{1BC048A3-2681-4494-B968-2864439E18B0}.Release|x64.Build.0 = Release|Any CPU
		{1BC048A3-2681-4494-B968-2864439E18B0}.Release|x86.ActiveCfg = Release|Any CPU
		{1BC048A3-2681-4494-B968-2864439E18B0}.Release|x86.Build.0 = Release|Any CPU
		{37B34AF0-2148-4EE9-A66F-457538061E01}.Debug|Any CPU.ActiveCfg = Debug|Any CPU
		{37B34AF0-2148-4EE9-A66F-457538061E01}.Debug|Any CPU.Build.0 = Debug|Any CPU
		{37B34AF0-2148-4EE9-A66F-457538061E01}.Debug|ARM.ActiveCfg = Debug|Any CPU
		{37B34AF0-2148-4EE9-A66F-457538061E01}.Debug|ARM.Build.0 = Debug|Any CPU
		{37B34AF0-2148-4EE9-A66F-457538061E01}.Debug|x64.ActiveCfg = Debug|Any CPU
		{37B34AF0-2148-4EE9-A66F-457538061E01}.Debug|x64.Build.0 = Debug|Any CPU
		{37B34AF0-2148-4EE9-A66F-457538061E01}.Debug|x86.ActiveCfg = Debug|Any CPU
		{37B34AF0-2148-4EE9-A66F-457538061E01}.Debug|x86.Build.0 = Debug|Any CPU
		{37B34AF0-2148-4EE9-A66F-457538061E01}.Release|Any CPU.ActiveCfg = Release|Any CPU
		{37B34AF0-2148-4EE9-A66F-457538061E01}.Release|Any CPU.Build.0 = Release|Any CPU
		{37B34AF0-2148-4EE9-A66F-457538061E01}.Release|ARM.ActiveCfg = Release|Any CPU
		{37B34AF0-2148-4EE9-A66F-457538061E01}.Release|ARM.Build.0 = Release|Any CPU
		{37B34AF0-2148-4EE9-A66F-457538061E01}.Release|x64.ActiveCfg = Release|Any CPU
		{37B34AF0-2148-4EE9-A66F-457538061E01}.Release|x64.Build.0 = Release|Any CPU
		{37B34AF0-2148-4EE9-A66F-457538061E01}.Release|x86.ActiveCfg = Release|Any CPU
		{37B34AF0-2148-4EE9-A66F-457538061E01}.Release|x86.Build.0 = Release|Any CPU
		{4B64A9E5-2D24-47EA-8878-E574C7A728FD}.Debug|Any CPU.ActiveCfg = Debug|Any CPU
		{4B64A9E5-2D24-47EA-8878-E574C7A728FD}.Debug|Any CPU.Build.0 = Debug|Any CPU
		{4B64A9E5-2D24-47EA-8878-E574C7A728FD}.Debug|ARM.ActiveCfg = Debug|Any CPU
		{4B64A9E5-2D24-47EA-8878-E574C7A728FD}.Debug|ARM.Build.0 = Debug|Any CPU
		{4B64A9E5-2D24-47EA-8878-E574C7A728FD}.Debug|x64.ActiveCfg = Debug|Any CPU
		{4B64A9E5-2D24-47EA-8878-E574C7A728FD}.Debug|x64.Build.0 = Debug|Any CPU
		{4B64A9E5-2D24-47EA-8878-E574C7A728FD}.Debug|x86.ActiveCfg = Debug|Any CPU
		{4B64A9E5-2D24-47EA-8878-E574C7A728FD}.Debug|x86.Build.0 = Debug|Any CPU
		{4B64A9E5-2D24-47EA-8878-E574C7A728FD}.Release|Any CPU.ActiveCfg = Release|Any CPU
		{4B64A9E5-2D24-47EA-8878-E574C7A728FD}.Release|Any CPU.Build.0 = Release|Any CPU
		{4B64A9E5-2D24-47EA-8878-E574C7A728FD}.Release|ARM.ActiveCfg = Release|Any CPU
		{4B64A9E5-2D24-47EA-8878-E574C7A728FD}.Release|ARM.Build.0 = Release|Any CPU
		{4B64A9E5-2D24-47EA-8878-E574C7A728FD}.Release|x64.ActiveCfg = Release|Any CPU
		{4B64A9E5-2D24-47EA-8878-E574C7A728FD}.Release|x64.Build.0 = Release|Any CPU
		{4B64A9E5-2D24-47EA-8878-E574C7A728FD}.Release|x86.ActiveCfg = Release|Any CPU
		{4B64A9E5-2D24-47EA-8878-E574C7A728FD}.Release|x86.Build.0 = Release|Any CPU
		{8146BA75-E90D-467E-987E-58B45F257FFA}.Debug|Any CPU.ActiveCfg = Debug|Any CPU
		{8146BA75-E90D-467E-987E-58B45F257FFA}.Debug|Any CPU.Build.0 = Debug|Any CPU
		{8146BA75-E90D-467E-987E-58B45F257FFA}.Debug|ARM.ActiveCfg = Debug|Any CPU
		{8146BA75-E90D-467E-987E-58B45F257FFA}.Debug|ARM.Build.0 = Debug|Any CPU
		{8146BA75-E90D-467E-987E-58B45F257FFA}.Debug|x64.ActiveCfg = Debug|Any CPU
		{8146BA75-E90D-467E-987E-58B45F257FFA}.Debug|x64.Build.0 = Debug|Any CPU
		{8146BA75-E90D-467E-987E-58B45F257FFA}.Debug|x86.ActiveCfg = Debug|Any CPU
		{8146BA75-E90D-467E-987E-58B45F257FFA}.Debug|x86.Build.0 = Debug|Any CPU
		{8146BA75-E90D-467E-987E-58B45F257FFA}.Release|Any CPU.ActiveCfg = Release|Any CPU
		{8146BA75-E90D-467E-987E-58B45F257FFA}.Release|Any CPU.Build.0 = Release|Any CPU
		{8146BA75-E90D-467E-987E-58B45F257FFA}.Release|ARM.ActiveCfg = Release|Any CPU
		{8146BA75-E90D-467E-987E-58B45F257FFA}.Release|ARM.Build.0 = Release|Any CPU
		{8146BA75-E90D-467E-987E-58B45F257FFA}.Release|x64.ActiveCfg = Release|Any CPU
		{8146BA75-E90D-467E-987E-58B45F257FFA}.Release|x64.Build.0 = Release|Any CPU
		{8146BA75-E90D-467E-987E-58B45F257FFA}.Release|x86.ActiveCfg = Release|Any CPU
		{8146BA75-E90D-467E-987E-58B45F257FFA}.Release|x86.Build.0 = Release|Any CPU
		{6265AA93-BFEF-43DE-95D7-947D7A596AAC}.Debug|Any CPU.ActiveCfg = Debug|Any CPU
		{6265AA93-BFEF-43DE-95D7-947D7A596AAC}.Debug|Any CPU.Build.0 = Debug|Any CPU
		{6265AA93-BFEF-43DE-95D7-947D7A596AAC}.Debug|ARM.ActiveCfg = Debug|Any CPU
		{6265AA93-BFEF-43DE-95D7-947D7A596AAC}.Debug|ARM.Build.0 = Debug|Any CPU
		{6265AA93-BFEF-43DE-95D7-947D7A596AAC}.Debug|x64.ActiveCfg = Debug|Any CPU
		{6265AA93-BFEF-43DE-95D7-947D7A596AAC}.Debug|x64.Build.0 = Debug|Any CPU
		{6265AA93-BFEF-43DE-95D7-947D7A596AAC}.Debug|x86.ActiveCfg = Debug|Any CPU
		{6265AA93-BFEF-43DE-95D7-947D7A596AAC}.Debug|x86.Build.0 = Debug|Any CPU
		{6265AA93-BFEF-43DE-95D7-947D7A596AAC}.Release|Any CPU.ActiveCfg = Release|Any CPU
		{6265AA93-BFEF-43DE-95D7-947D7A596AAC}.Release|Any CPU.Build.0 = Release|Any CPU
		{6265AA93-BFEF-43DE-95D7-947D7A596AAC}.Release|ARM.ActiveCfg = Release|Any CPU
		{6265AA93-BFEF-43DE-95D7-947D7A596AAC}.Release|ARM.Build.0 = Release|Any CPU
		{6265AA93-BFEF-43DE-95D7-947D7A596AAC}.Release|x64.ActiveCfg = Release|Any CPU
		{6265AA93-BFEF-43DE-95D7-947D7A596AAC}.Release|x64.Build.0 = Release|Any CPU
		{6265AA93-BFEF-43DE-95D7-947D7A596AAC}.Release|x86.ActiveCfg = Release|Any CPU
		{6265AA93-BFEF-43DE-95D7-947D7A596AAC}.Release|x86.Build.0 = Release|Any CPU
	EndGlobalSection
	GlobalSection(SolutionProperties) = preSolution
		HideSolutionNode = FALSE
	EndGlobalSection
	GlobalSection(ExtensibilityGlobals) = postSolution
		SolutionGuid = {A5B4DCE5-749C-4EBE-99F3-2C85EE6250DD}
	EndGlobalSection
EndGlobal
